
Microsoft Visual Studio Solution File, Format Version 12.00
# Visual Studio Version 17
VisualStudioVersion = 17.3.32825.248
MinimumVisualStudioVersion = 10.0.40219.1
Project("{FAE04EC0-301F-11D3-BF4B-00C04F79EFBC}") = "newTask", "newTask\newTask.csproj", "{D8C9B147-DBDC-4A3F-9B70-C2A38963530E}"
EndProject
Global
	GlobalSection(SolutionConfigurationPlatforms) = preSolution
		Debug|Any CPU = Debug|Any CPU
		Release|Any CPU = Release|Any CPU
	EndGlobalSection
	GlobalSection(ProjectConfigurationPlatforms) = postSolution
		{D8C9B147-DBDC-4A3F-9B70-C2A38963530E}.Debug|Any CPU.ActiveCfg = Debug|Any CPU
		{D8C9B147-DBDC-4A3F-9B70-C2A38963530E}.Debug|Any CPU.Build.0 = Debug|Any CPU
		{D8C9B147-DBDC-4A3F-9B70-C2A38963530E}.Release|Any CPU.ActiveCfg = Release|Any CPU
		{D8C9B147-DBDC-4A3F-9B70-C2A38963530E}.Release|Any CPU.Build.0 = Release|Any CPU
	EndGlobalSection
	GlobalSection(SolutionProperties) = preSolution
		HideSolutionNode = FALSE
	EndGlobalSection
	GlobalSection(ExtensibilityGlobals) = postSolution
		SolutionGuid = {7FB8A4B9-A50D-4C95-915E-C2C5F1763992}
	EndGlobalSection
EndGlobal
