
Microsoft Visual Studio Solution File, Format Version 12.00
# Visual Studio Version 17
VisualStudioVersion = 17.2.32630.192
MinimumVisualStudioVersion = 10.0.40219.1
Project("{FAE04EC0-301F-11D3-BF4B-00C04F79EFBC}") = "t1", "t1\t1.csproj", "{32A01435-F216-4652-A829-68BC0F053A22}"
EndProject
Global
	GlobalSection(SolutionConfigurationPlatforms) = preSolution
		Debug|Any CPU = Debug|Any CPU
		Release|Any CPU = Release|Any CPU
	EndGlobalSection
	GlobalSection(ProjectConfigurationPlatforms) = postSolution
		{32A01435-F216-4652-A829-68BC0F053A22}.Debug|Any CPU.ActiveCfg = Debug|Any CPU
		{32A01435-F216-4652-A829-68BC0F053A22}.Debug|Any CPU.Build.0 = Debug|Any CPU
		{32A01435-F216-4652-A829-68BC0F053A22}.Release|Any CPU.ActiveCfg = Release|Any CPU
		{32A01435-F216-4652-A829-68BC0F053A22}.Release|Any CPU.Build.0 = Release|Any CPU
	EndGlobalSection
	GlobalSection(SolutionProperties) = preSolution
		HideSolutionNode = FALSE
	EndGlobalSection
	GlobalSection(ExtensibilityGlobals) = postSolution
		SolutionGuid = {54C97EF4-A1A2-41DC-828E-CC812D0830A8}
	EndGlobalSection
EndGlobal
